// !$*UTF8*$!
{
	archiveVersion = 1;
	classes = {
	};
	objectVersion = 46;
	objects = {

/* Begin PBXBuildFile section */
		754B28AC194F872C0080E630 /* AppDelegate.swift in Sources */ = {isa = PBXBuildFile; fileRef = 754B28AB194F872C0080E630 /* AppDelegate.swift */; };
		754B28AE194F872C0080E630 /* ViewController.swift in Sources */ = {isa = PBXBuildFile; fileRef = 754B28AD194F872C0080E630 /* ViewController.swift */; };
		754B28B1194F872C0080E630 /* Main.storyboard in Resources */ = {isa = PBXBuildFile; fileRef = 754B28AF194F872C0080E630 /* Main.storyboard */; };
		754B28B3194F872C0080E630 /* Images.xcassets in Resources */ = {isa = PBXBuildFile; fileRef = 754B28B2194F872C0080E630 /* Images.xcassets */; };
		754B28BF194F872C0080E630 /* MorseCodeTests.swift in Sources */ = {isa = PBXBuildFile; fileRef = 754B28BE194F872C0080E630 /* MorseCodeTests.swift */; };
/* End PBXBuildFile section */

/* Begin PBXContainerItemProxy section */
		754B28B9194F872C0080E630 /* PBXContainerItemProxy */ = {
			isa = PBXContainerItemProxy;
			containerPortal = 754B289E194F872C0080E630 /* Project object */;
			proxyType = 1;
			remoteGlobalIDString = 754B28A5194F872C0080E630;
			remoteInfo = MorseCode;
		};
/* End PBXContainerItemProxy section */

/* Begin PBXFileReference section */
		754B28A6194F872C0080E630 /* MorseCode.app */ = {isa = PBXFileReference; explicitFileType = wrapper.application; includeInIndex = 0; path = MorseCode.app; sourceTree = BUILT_PRODUCTS_DIR; };
		754B28AA194F872C0080E630 /* Info.plist */ = {isa = PBXFileReference; lastKnownFileType = text.plist.xml; path = Info.plist; sourceTree = "<group>"; };
		754B28AB194F872C0080E630 /* AppDelegate.swift */ = {isa = PBXFileReference; lastKnownFileType = sourcecode.swift; path = AppDelegate.swift; sourceTree = "<group>"; };
		754B28AD194F872C0080E630 /* ViewController.swift */ = {isa = PBXFileReference; lastKnownFileType = sourcecode.swift; path = ViewController.swift; sourceTree = "<group>"; };
		754B28B0194F872C0080E630 /* Base */ = {isa = PBXFileReference; lastKnownFileType = file.storyboard; name = Base; path = Base.lproj/Main.storyboard; sourceTree = "<group>"; };
		754B28B2194F872C0080E630 /* Images.xcassets */ = {isa = PBXFileReference; lastKnownFileType = folder.assetcatalog; path = Images.xcassets; sourceTree = "<group>"; };
		754B28B8194F872C0080E630 /* MorseCodeTests.xctest */ = {isa = PBXFileReference; explicitFileType = wrapper.cfbundle; includeInIndex = 0; path = MorseCodeTests.xctest; sourceTree = BUILT_PRODUCTS_DIR; };
		754B28BD194F872C0080E630 /* Info.plist */ = {isa = PBXFileReference; lastKnownFileType = text.plist.xml; path = Info.plist; sourceTree = "<group>"; };
		754B28BE194F872C0080E630 /* MorseCodeTests.swift */ = {isa = PBXFileReference; lastKnownFileType = sourcecode.swift; path = MorseCodeTests.swift; sourceTree = "<group>"; };
/* End PBXFileReference section */

/* Begin PBXFrameworksBuildPhase section */
		754B28A3194F872C0080E630 /* Frameworks */ = {
			isa = PBXFrameworksBuildPhase;
			buildActionMask = 2147483647;
			files = (
			);
			runOnlyForDeploymentPostprocessing = 0;
		};
		754B28B5194F872C0080E630 /* Frameworks */ = {
			isa = PBXFrameworksBuildPhase;
			buildActionMask = 2147483647;
			files = (
			);
			runOnlyForDeploymentPostprocessing = 0;
		};
/* End PBXFrameworksBuildPhase section */

/* Begin PBXGroup section */
		754B289D194F872C0080E630 = {
			isa = PBXGroup;
			children = (
				754B28A8194F872C0080E630 /* MorseCode */,
				754B28BB194F872C0080E630 /* MorseCodeTests */,
				754B28A7194F872C0080E630 /* Products */,
			);
			sourceTree = "<group>";
		};
		754B28A7194F872C0080E630 /* Products */ = {
			isa = PBXGroup;
			children = (
				754B28A6194F872C0080E630 /* MorseCode.app */,
				754B28B8194F872C0080E630 /* MorseCodeTests.xctest */,
			);
			name = Products;
			sourceTree = "<group>";
		};
		754B28A8194F872C0080E630 /* MorseCode */ = {
			isa = PBXGroup;
			children = (
				754B28AB194F872C0080E630 /* AppDelegate.swift */,
				754B28AD194F872C0080E630 /* ViewController.swift */,
				754B28AF194F872C0080E630 /* Main.storyboard */,
				754B28B2194F872C0080E630 /* Images.xcassets */,
				754B28A9194F872C0080E630 /* Supporting Files */,
			);
			path = MorseCode;
			sourceTree = "<group>";
		};
		754B28A9194F872C0080E630 /* Supporting Files */ = {
			isa = PBXGroup;
			children = (
				754B28AA194F872C0080E630 /* Info.plist */,
			);
			name = "Supporting Files";
			sourceTree = "<group>";
		};
		754B28BB194F872C0080E630 /* MorseCodeTests */ = {
			isa = PBXGroup;
			children = (
				754B28BE194F872C0080E630 /* MorseCodeTests.swift */,
				754B28BC194F872C0080E630 /* Supporting Files */,
			);
			path = MorseCodeTests;
			sourceTree = "<group>";
		};
		754B28BC194F872C0080E630 /* Supporting Files */ = {
			isa = PBXGroup;
			children = (
				754B28BD194F872C0080E630 /* Info.plist */,
			);
			name = "Supporting Files";
			sourceTree = "<group>";
		};
/* End PBXGroup section */

/* Begin PBXNativeTarget section */
		754B28A5194F872C0080E630 /* MorseCode */ = {
			isa = PBXNativeTarget;
			buildConfigurationList = 754B28C2194F872C0080E630 /* Build configuration list for PBXNativeTarget "MorseCode" */;
			buildPhases = (
				754B28A2194F872C0080E630 /* Sources */,
				754B28A3194F872C0080E630 /* Frameworks */,
				754B28A4194F872C0080E630 /* Resources */,
			);
			buildRules = (
			);
			dependencies = (
			);
			name = MorseCode;
			productName = MorseCode;
			productReference = 754B28A6194F872C0080E630 /* MorseCode.app */;
			productType = "com.apple.product-type.application";
		};
		754B28B7194F872C0080E630 /* MorseCodeTests */ = {
			isa = PBXNativeTarget;
			buildConfigurationList = 754B28C5194F872C0080E630 /* Build configuration list for PBXNativeTarget "MorseCodeTests" */;
			buildPhases = (
				754B28B4194F872C0080E630 /* Sources */,
				754B28B5194F872C0080E630 /* Frameworks */,
				754B28B6194F872C0080E630 /* Resources */,
			);
			buildRules = (
			);
			dependencies = (
				754B28BA194F872C0080E630 /* PBXTargetDependency */,
			);
			name = MorseCodeTests;
			productName = MorseCodeTests;
			productReference = 754B28B8194F872C0080E630 /* MorseCodeTests.xctest */;
			productType = "com.apple.product-type.bundle.unit-test";
		};
/* End PBXNativeTarget section */

/* Begin PBXProject section */
		754B289E194F872C0080E630 /* Project object */ = {
			isa = PBXProject;
			attributes = {
				LastUpgradeCheck = 0600;
				ORGANIZATIONNAME = "Andrei Puni";
				TargetAttributes = {
					754B28A5194F872C0080E630 = {
						CreatedOnToolsVersion = 6.0;
					};
					754B28B7194F872C0080E630 = {
						CreatedOnToolsVersion = 6.0;
						TestTargetID = 754B28A5194F872C0080E630;
					};
				};
			};
			buildConfigurationList = 754B28A1194F872C0080E630 /* Build configuration list for PBXProject "MorseCode" */;
			compatibilityVersion = "Xcode 3.2";
			developmentRegion = English;
			hasScannedForEncodings = 0;
			knownRegions = (
				en,
				Base,
			);
			mainGroup = 754B289D194F872C0080E630;
			productRefGroup = 754B28A7194F872C0080E630 /* Products */;
			projectDirPath = "";
			projectRoot = "";
			targets = (
				754B28A5194F872C0080E630 /* MorseCode */,
				754B28B7194F872C0080E630 /* MorseCodeTests */,
			);
		};
/* End PBXProject section */

/* Begin PBXResourcesBuildPhase section */
		754B28A4194F872C0080E630 /* Resources */ = {
			isa = PBXResourcesBuildPhase;
			buildActionMask = 2147483647;
			files = (
				754B28B1194F872C0080E630 /* Main.storyboard in Resources */,
				754B28B3194F872C0080E630 /* Images.xcassets in Resources */,
			);
			runOnlyForDeploymentPostprocessing = 0;
		};
		754B28B6194F872C0080E630 /* Resources */ = {
			isa = PBXResourcesBuildPhase;
			buildActionMask = 2147483647;
			files = (
			);
			runOnlyForDeploymentPostprocessing = 0;
		};
/* End PBXResourcesBuildPhase section */

/* Begin PBXSourcesBuildPhase section */
		754B28A2194F872C0080E630 /* Sources */ = {
			isa = PBXSourcesBuildPhase;
			buildActionMask = 2147483647;
			files = (
				754B28AE194F872C0080E630 /* ViewController.swift in Sources */,
				754B28AC194F872C0080E630 /* AppDelegate.swift in Sources */,
			);
			runOnlyForDeploymentPostprocessing = 0;
		};
		754B28B4194F872C0080E630 /* Sources */ = {
			isa = PBXSourcesBuildPhase;
			buildActionMask = 2147483647;
			files = (
				754B28BF194F872C0080E630 /* MorseCodeTests.swift in Sources */,
			);
			runOnlyForDeploymentPostprocessing = 0;
		};
/* End PBXSourcesBuildPhase section */

/* Begin PBXTargetDependency section */
		754B28BA194F872C0080E630 /* PBXTargetDependency */ = {
			isa = PBXTargetDependency;
			target = 754B28A5194F872C0080E630 /* MorseCode */;
			targetProxy = 754B28B9194F872C0080E630 /* PBXContainerItemProxy */;
		};
/* End PBXTargetDependency section */

/* Begin PBXVariantGroup section */
		754B28AF194F872C0080E630 /* Main.storyboard */ = {
			isa = PBXVariantGroup;
			children = (
				754B28B0194F872C0080E630 /* Base */,
			);
			name = Main.storyboard;
			sourceTree = "<group>";
		};
/* End PBXVariantGroup section */

/* Begin XCBuildConfiguration section */
		754B28C0194F872C0080E630 /* Debug */ = {
			isa = XCBuildConfiguration;
			buildSettings = {
				ALWAYS_SEARCH_USER_PATHS = NO;
				CLANG_CXX_LANGUAGE_STANDARD = "gnu++0x";
				CLANG_CXX_LIBRARY = "libc++";
				CLANG_ENABLE_MODULES = YES;
				CLANG_ENABLE_OBJC_ARC = YES;
				CLANG_WARN_BOOL_CONVERSION = YES;
				CLANG_WARN_CONSTANT_CONVERSION = YES;
				CLANG_WARN_DIRECT_OBJC_ISA_USAGE = YES_ERROR;
				CLANG_WARN_EMPTY_BODY = YES;
				CLANG_WARN_ENUM_CONVERSION = YES;
				CLANG_WARN_INT_CONVERSION = YES;
				CLANG_WARN_OBJC_ROOT_CLASS = YES_ERROR;
				CLANG_WARN_UNREACHABLE_CODE = YES;
				CLANG_WARN__DUPLICATE_METHOD_MATCH = YES;
				"CODE_SIGN_IDENTITY[sdk=iphoneos*]" = "iPhone Developer";
				COPY_PHASE_STRIP = NO;
				ENABLE_STRICT_OBJC_MSGSEND = YES;
				GCC_C_LANGUAGE_STANDARD = gnu99;
				GCC_DYNAMIC_NO_PIC = NO;
				GCC_OPTIMIZATION_LEVEL = 0;
				GCC_PREPROCESSOR_DEFINITIONS = (
					"DEBUG=1",
					"$(inherited)",
				);
				GCC_SYMBOLS_PRIVATE_EXTERN = NO;
				GCC_WARN_64_TO_32_BIT_CONVERSION = YES;
				GCC_WARN_ABOUT_RETURN_TYPE = YES_ERROR;
				GCC_WARN_UNDECLARED_SELECTOR = YES;
				GCC_WARN_UNINITIALIZED_AUTOS = YES_AGGRESSIVE;
				GCC_WARN_UNUSED_FUNCTION = YES;
				GCC_WARN_UNUSED_VARIABLE = YES;
				IPHONEOS_DEPLOYMENT_TARGET = 8.0;
				METAL_ENABLE_DEBUG_INFO = YES;
				ONLY_ACTIVE_ARCH = YES;
				SDKROOT = iphoneos;
				SWIFT_OPTIMIZATION_LEVEL = "-Onone";
				TARGETED_DEVICE_FAMILY = "1,2";
			};
			name = Debug;
		};
		754B28C1194F872C0080E630 /* Release */ = {
			isa = XCBuildConfiguration;
			buildSettings = {
				ALWAYS_SEARCH_USER_PATHS = NO;
				CLANG_CXX_LANGUAGE_STANDARD = "gnu++0x";
				CLANG_CXX_LIBRARY = "libc++";
				CLANG_ENABLE_MODULES = YES;
				CLANG_ENABLE_OBJC_ARC = YES;
				CLANG_WARN_BOOL_CONVERSION = YES;
				CLANG_WARN_CONSTANT_CONVERSION = YES;
				CLANG_WARN_DIRECT_OBJC_ISA_USAGE = YES_ERROR;
				CLANG_WARN_EMPTY_BODY = YES;
				CLANG_WARN_ENUM_CONVERSION = YES;
				CLANG_WARN_INT_CONVERSION = YES;
				CLANG_WARN_OBJC_ROOT_CLASS = YES_ERROR;
				CLANG_WARN_UNREACHABLE_CODE = YES;
				CLANG_WARN__DUPLICATE_METHOD_MATCH = YES;
				"CODE_SIGN_IDENTITY[sdk=iphoneos*]" = "iPhone Developer";
				COPY_PHASE_STRIP = YES;
				ENABLE_NS_ASSERTIONS = NO;
				ENABLE_STRICT_OBJC_MSGSEND = YES;
				GCC_C_LANGUAGE_STANDARD = gnu99;
				GCC_WARN_64_TO_32_BIT_CONVERSION = YES;
				GCC_WARN_ABOUT_RETURN_TYPE = YES_ERROR;
				GCC_WARN_UNDECLARED_SELECTOR = YES;
				GCC_WARN_UNINITIALIZED_AUTOS = YES_AGGRESSIVE;
				GCC_WARN_UNUSED_FUNCTION = YES;
				GCC_WARN_UNUSED_VARIABLE = YES;
				IPHONEOS_DEPLOYMENT_TARGET = 8.0;
				METAL_ENABLE_DEBUG_INFO = NO;
				SDKROOT = iphoneos;
				TARGETED_DEVICE_FAMILY = "1,2";
				VALIDATE_PRODUCT = YES;
			};
			name = Release;
		};
		754B28C3194F872C0080E630 /* Debug */ = {
			isa = XCBuildConfiguration;
			buildSettings = {
				ASSETCATALOG_COMPILER_APPICON_NAME = AppIcon;
				ASSETCATALOG_COMPILER_LAUNCHIMAGE_NAME = LaunchImage;
				INFOPLIST_FILE = MorseCode/Info.plist;
				LD_RUNPATH_SEARCH_PATHS = "$(inherited) @executable_path/Frameworks";
				PRODUCT_NAME = "$(TARGET_NAME)";
			};
			name = Debug;
		};
		754B28C4194F872C0080E630 /* Release */ = {
			isa = XCBuildConfiguration;
			buildSettings = {
				ASSETCATALOG_COMPILER_APPICON_NAME = AppIcon;
				ASSETCATALOG_COMPILER_LAUNCHIMAGE_NAME = LaunchImage;
				INFOPLIST_FILE = MorseCode/Info.plist;
				LD_RUNPATH_SEARCH_PATHS = "$(inherited) @executable_path/Frameworks";
				PRODUCT_NAME = "$(TARGET_NAME)";
			};
			name = Release;
		};
		754B28C6194F872C0080E630 /* Debug */ = {
			isa = XCBuildConfiguration;
			buildSettings = {
				BUNDLE_LOADER = "$(BUILT_PRODUCTS_DIR)/MorseCode.app/MorseCode";
				FRAMEWORK_SEARCH_PATHS = (
					"$(SDKROOT)/Developer/Library/Frameworks",
					"$(inherited)",
				);
				GCC_PREPROCESSOR_DEFINITIONS = (
					"DEBUG=1",
					"$(inherited)",
				);
				INFOPLIST_FILE = MorseCodeTests/Info.plist;
				LD_RUNPATH_SEARCH_PATHS = "$(inherited) @executable_path/Frameworks @loader_path/Frameworks";
				METAL_ENABLE_DEBUG_INFO = YES;
				PRODUCT_NAME = "$(TARGET_NAME)";
				TEST_HOST = "$(BUNDLE_LOADER)";
			};
			name = Debug;
		};
		754B28C7194F872C0080E630 /* Release */ = {
			isa = XCBuildConfiguration;
			buildSettings = {
				BUNDLE_LOADER = "$(BUILT_PRODUCTS_DIR)/MorseCode.app/MorseCode";
				FRAMEWORK_SEARCH_PATHS = (
					"$(SDKROOT)/Developer/Library/Frameworks",
					"$(inherited)",
				);
				INFOPLIST_FILE = MorseCodeTests/Info.plist;
				LD_RUNPATH_SEARCH_PATHS = "$(inherited) @executable_path/Frameworks @loader_path/Frameworks";
				METAL_ENABLE_DEBUG_INFO = NO;
				PRODUCT_NAME = "$(TARGET_NAME)";
				TEST_HOST = "$(BUNDLE_LOADER)";
			};
			name = Release;
		};
/* End XCBuildConfiguration section */

/* Begin XCConfigurationList section */
		754B28A1194F872C0080E630 /* Build configuration list for PBXProject "MorseCode" */ = {
			isa = XCConfigurationList;
			buildConfigurations = (
				754B28C0194F872C0080E630 /* Debug */,
				754B28C1194F872C0080E630 /* Release */,
			);
			defaultConfigurationIsVisible = 0;
			defaultConfigurationName = Release;
		};
		754B28C2194F872C0080E630 /* Build configuration list for PBXNativeTarget "MorseCode" */ = {
			isa = XCConfigurationList;
			buildConfigurations = (
				754B28C3194F872C0080E630 /* Debug */,
				754B28C4194F872C0080E630 /* Release */,
			);
			defaultConfigurationIsVisible = 0;
		};
		754B28C5194F872C0080E630 /* Build configuration list for PBXNativeTarget "MorseCodeTests" */ = {
			isa = XCConfigurationList;
			buildConfigurations = (
				754B28C6194F872C0080E630 /* Debug */,
				754B28C7194F872C0080E630 /* Release */,
			);
			defaultConfigurationIsVisible = 0;
		};
/* End XCConfigurationList section */
	};
	rootObject = 754B289E194F872C0080E630 /* Project object */;
}
